
Microsoft Visual Studio Solution File, Format Version 12.00
# Visual Studio Version 17
VisualStudioVersion = 17.5.002.0
MinimumVisualStudioVersion = 10.0.40219.1
Project("{9A19103F-16F7-4668-BE54-9A1E7A4F7556}") = "Calc", "Calc.csproj", "{20C62074-95A7-44E9-ABF5-699B78EEB6F9}"
EndProject
Global
	GlobalSection(SolutionConfigurationPlatforms) = preSolution
		Debug|Any CPU = Debug|Any CPU
		Release|Any CPU = Release|Any CPU
	EndGlobalSection
	GlobalSection(ProjectConfigurationPlatforms) = postSolution
		{20C62074-95A7-44E9-ABF5-699B78EEB6F9}.Debug|Any CPU.ActiveCfg = Debug|Any CPU
		{20C62074-95A7-44E9-ABF5-699B78EEB6F9}.Debug|Any CPU.Build.0 = Debug|Any CPU
		{20C62074-95A7-44E9-ABF5-699B78EEB6F9}.Release|Any CPU.ActiveCfg = Release|Any CPU
		{20C62074-95A7-44E9-ABF5-699B78EEB6F9}.Release|Any CPU.Build.0 = Release|Any CPU
	EndGlobalSection
	GlobalSection(SolutionProperties) = preSolution
		HideSolutionNode = FALSE
	EndGlobalSection
	GlobalSection(ExtensibilityGlobals) = postSolution
		SolutionGuid = {0522F8A8-CAC7-4B2A-894C-55E6B295413B}
	EndGlobalSection
EndGlobal
